
Microsoft Visual Studio Solution File, Format Version 12.00
# Visual Studio Version 17
VisualStudioVersion = 17.5.002.0
MinimumVisualStudioVersion = 10.0.40219.1
Project("{9A19103F-16F7-4668-BE54-9A1E7A4F7556}") = "OlaMundo", "OlaMundo.csproj", "{C818EE8E-D804-4E24-8CC2-FA6A5E9990AE}"
EndProject
Global
	GlobalSection(SolutionConfigurationPlatforms) = preSolution
		Debug|Any CPU = Debug|Any CPU
		Release|Any CPU = Release|Any CPU
	EndGlobalSection
	GlobalSection(ProjectConfigurationPlatforms) = postSolution
		{C818EE8E-D804-4E24-8CC2-FA6A5E9990AE}.Debug|Any CPU.ActiveCfg = Debug|Any CPU
		{C818EE8E-D804-4E24-8CC2-FA6A5E9990AE}.Debug|Any CPU.Build.0 = Debug|Any CPU
		{C818EE8E-D804-4E24-8CC2-FA6A5E9990AE}.Release|Any CPU.ActiveCfg = Release|Any CPU
		{C818EE8E-D804-4E24-8CC2-FA6A5E9990AE}.Release|Any CPU.Build.0 = Release|Any CPU
	EndGlobalSection
	GlobalSection(SolutionProperties) = preSolution
		HideSolutionNode = FALSE
	EndGlobalSection
	GlobalSection(ExtensibilityGlobals) = postSolution
		SolutionGuid = {BB3F278F-E395-417A-BFC8-F49B55D2F033}
	EndGlobalSection
EndGlobal
